
Microsoft Visual Studio Solution File, Format Version 12.00
# Visual Studio 2013
VisualStudioVersion = 12.0.21005.1
MinimumVisualStudioVersion = 10.0.40219.1
Project("{8BC9CEB8-8B4A-11D0-8D11-00A0C91BC942}") = "MyCar", "MyCar\MyCar.vcxproj", "{1472BBE7-8990-4174-8670-BCD67CB3DBF3}"
EndProject
Project("{8BC9CEB8-8B4A-11D0-8D11-00A0C91BC942}") = "Tarning", "tarning\tarning.vcxproj", "{F1C66CC4-5934-4806-B87D-E4C58AF9FC8D}"
EndProject
Project("{8BC9CEB8-8B4A-11D0-8D11-00A0C91BC942}") = "MultiMedia", "MultiMedia\MultiMedia.vcxproj", "{9355AB03-70F4-43B6-B83D-646871FECB0A}"
EndProject
Project("{8BC9CEB8-8B4A-11D0-8D11-00A0C91BC942}") = "TicTacToe", "TicTacToe\TicTacToe.vcxproj", "{15C71696-CFAD-4B47-A5B3-D3A931D8EDE5}"
EndProject
Project("{8BC9CEB8-8B4A-11D0-8D11-00A0C91BC942}") = "Memoryspel", "Memory\Memory.vcxproj", "{6F17843C-60F6-4C2C-90BD-2A0111C3D475}"
EndProject
Project("{8BC9CEB8-8B4A-11D0-8D11-00A0C91BC942}") = "swap", "swap\swap.vcxproj", "{DA21B6CE-4D5E-49B3-90ED-2AD477E033E7}"
EndProject
Project("{8BC9CEB8-8B4A-11D0-8D11-00A0C91BC942}") = "VektorerMatriserFlyttal", "VektorerMatriserFlyttal\VektorerMatriserFlyttal.vcxproj", "{44D8CD46-D448-4B22-BCF5-6801813AABA3}"
EndProject
Project("{8BC9CEB8-8B4A-11D0-8D11-00A0C91BC942}") = "ParameterMain", "ParameterMain\ParameterMain.vcxproj", "{1FE72A7F-CB27-40B8-A0F4-2D37DD3D95A9}"
EndProject
Project("{FAE04EC0-301F-11D3-BF4B-00C04F79EFBC}") = "GuiNetA", "GuiNetA\GuiNetA.csproj", "{4DD62D01-88BB-4C1E-AEC7-890EB6F81B63}"
EndProject
Project("{8BC9CEB8-8B4A-11D0-8D11-00A0C91BC942}") = "tentamen_tidningsartiklar", "tentamen_tidningsartiklar\tentamen_tidningsartiklar.vcxproj", "{74F090AB-4330-4417-B077-7D9EAA7D2669}"
EndProject
Global
	GlobalSection(SolutionConfigurationPlatforms) = preSolution
		Debug|Any CPU = Debug|Any CPU
		Debug|Mixed Platforms = Debug|Mixed Platforms
		Debug|Win32 = Debug|Win32
		Debug|x86 = Debug|x86
		Release|Any CPU = Release|Any CPU
		Release|Mixed Platforms = Release|Mixed Platforms
		Release|Win32 = Release|Win32
		Release|x86 = Release|x86
	EndGlobalSection
	GlobalSection(ProjectConfigurationPlatforms) = postSolution
		{1472BBE7-8990-4174-8670-BCD67CB3DBF3}.Debug|Any CPU.ActiveCfg = Debug|Win32
		{1472BBE7-8990-4174-8670-BCD67CB3DBF3}.Debug|Mixed Platforms.ActiveCfg = Debug|Win32
		{1472BBE7-8990-4174-8670-BCD67CB3DBF3}.Debug|Mixed Platforms.Build.0 = Debug|Win32
		{1472BBE7-8990-4174-8670-BCD67CB3DBF3}.Debug|Win32.ActiveCfg = Debug|Win32
		{1472BBE7-8990-4174-8670-BCD67CB3DBF3}.Debug|Win32.Build.0 = Debug|Win32
		{1472BBE7-8990-4174-8670-BCD67CB3DBF3}.Debug|x86.ActiveCfg = Debug|Win32
		{1472BBE7-8990-4174-8670-BCD67CB3DBF3}.Debug|x86.Build.0 = Debug|Win32
		{1472BBE7-8990-4174-8670-BCD67CB3DBF3}.Release|Any CPU.ActiveCfg = Release|Win32
		{1472BBE7-8990-4174-8670-BCD67CB3DBF3}.Release|Mixed Platforms.ActiveCfg = Release|Win32
		{1472BBE7-8990-4174-8670-BCD67CB3DBF3}.Release|Mixed Platforms.Build.0 = Release|Win32
		{1472BBE7-8990-4174-8670-BCD67CB3DBF3}.Release|Win32.ActiveCfg = Release|Win32
		{1472BBE7-8990-4174-8670-BCD67CB3DBF3}.Release|Win32.Build.0 = Release|Win32
		{1472BBE7-8990-4174-8670-BCD67CB3DBF3}.Release|x86.ActiveCfg = Release|Win32
		{1472BBE7-8990-4174-8670-BCD67CB3DBF3}.Release|x86.Build.0 = Release|Win32
		{F1C66CC4-5934-4806-B87D-E4C58AF9FC8D}.Debug|Any CPU.ActiveCfg = Debug|Win32
		{F1C66CC4-5934-4806-B87D-E4C58AF9FC8D}.Debug|Mixed Platforms.ActiveCfg = Debug|Win32
		{F1C66CC4-5934-4806-B87D-E4C58AF9FC8D}.Debug|Mixed Platforms.Build.0 = Debug|Win32
		{F1C66CC4-5934-4806-B87D-E4C58AF9FC8D}.Debug|Win32.ActiveCfg = Debug|Win32
		{F1C66CC4-5934-4806-B87D-E4C58AF9FC8D}.Debug|Win32.Build.0 = Debug|Win32
		{F1C66CC4-5934-4806-B87D-E4C58AF9FC8D}.Debug|x86.ActiveCfg = Debug|Win32
		{F1C66CC4-5934-4806-B87D-E4C58AF9FC8D}.Debug|x86.Build.0 = Debug|Win32
		{F1C66CC4-5934-4806-B87D-E4C58AF9FC8D}.Release|Any CPU.ActiveCfg = Release|Win32
		{F1C66CC4-5934-4806-B87D-E4C58AF9FC8D}.Release|Mixed Platforms.ActiveCfg = Release|Win32
		{F1C66CC4-5934-4806-B87D-E4C58AF9FC8D}.Release|Mixed Platforms.Build.0 = Release|Win32
		{F1C66CC4-5934-4806-B87D-E4C58AF9FC8D}.Release|Win32.ActiveCfg = Release|Win32
		{F1C66CC4-5934-4806-B87D-E4C58AF9FC8D}.Release|Win32.Build.0 = Release|Win32
		{F1C66CC4-5934-4806-B87D-E4C58AF9FC8D}.Release|x86.ActiveCfg = Release|Win32
		{F1C66CC4-5934-4806-B87D-E4C58AF9FC8D}.Release|x86.Build.0 = Release|Win32
		{9355AB03-70F4-43B6-B83D-646871FECB0A}.Debug|Any CPU.ActiveCfg = Debug|Win32
		{9355AB03-70F4-43B6-B83D-646871FECB0A}.Debug|Mixed Platforms.ActiveCfg = Debug|Win32
		{9355AB03-70F4-43B6-B83D-646871FECB0A}.Debug|Mixed Platforms.Build.0 = Debug|Win32
		{9355AB03-70F4-43B6-B83D-646871FECB0A}.Debug|Win32.ActiveCfg = Debug|Win32
		{9355AB03-70F4-43B6-B83D-646871FECB0A}.Debug|Win32.Build.0 = Debug|Win32
		{9355AB03-70F4-43B6-B83D-646871FECB0A}.Debug|x86.ActiveCfg = Debug|Win32
		{9355AB03-70F4-43B6-B83D-646871FECB0A}.Debug|x86.Build.0 = Debug|Win32
		{9355AB03-70F4-43B6-B83D-646871FECB0A}.Release|Any CPU.ActiveCfg = Release|Win32
		{9355AB03-70F4-43B6-B83D-646871FECB0A}.Release|Mixed Platforms.ActiveCfg = Release|Win32
		{9355AB03-70F4-43B6-B83D-646871FECB0A}.Release|Mixed Platforms.Build.0 = Release|Win32
		{9355AB03-70F4-43B6-B83D-646871FECB0A}.Release|Win32.ActiveCfg = Release|Win32
		{9355AB03-70F4-43B6-B83D-646871FECB0A}.Release|Win32.Build.0 = Release|Win32
		{9355AB03-70F4-43B6-B83D-646871FECB0A}.Release|x86.ActiveCfg = Release|Win32
		{9355AB03-70F4-43B6-B83D-646871FECB0A}.Release|x86.Build.0 = Release|Win32
		{15C71696-CFAD-4B47-A5B3-D3A931D8EDE5}.Debug|Any CPU.ActiveCfg = Debug|Win32
		{15C71696-CFAD-4B47-A5B3-D3A931D8EDE5}.Debug|Mixed Platforms.ActiveCfg = Debug|Win32
		{15C71696-CFAD-4B47-A5B3-D3A931D8EDE5}.Debug|Mixed Platforms.Build.0 = Debug|Win32
		{15C71696-CFAD-4B47-A5B3-D3A931D8EDE5}.Debug|Win32.ActiveCfg = Debug|Win32
		{15C71696-CFAD-4B47-A5B3-D3A931D8EDE5}.Debug|Win32.Build.0 = Debug|Win32
		{15C71696-CFAD-4B47-A5B3-D3A931D8EDE5}.Debug|x86.ActiveCfg = Debug|Win32
		{15C71696-CFAD-4B47-A5B3-D3A931D8EDE5}.Debug|x86.Build.0 = Debug|Win32
		{15C71696-CFAD-4B47-A5B3-D3A931D8EDE5}.Release|Any CPU.ActiveCfg = Release|Win32
		{15C71696-CFAD-4B47-A5B3-D3A931D8EDE5}.Release|Mixed Platforms.ActiveCfg = Release|Win32
		{15C71696-CFAD-4B47-A5B3-D3A931D8EDE5}.Release|Mixed Platforms.Build.0 = Release|Win32
		{15C71696-CFAD-4B47-A5B3-D3A931D8EDE5}.Release|Win32.ActiveCfg = Release|Win32
		{15C71696-CFAD-4B47-A5B3-D3A931D8EDE5}.Release|Win32.Build.0 = Release|Win32
		{15C71696-CFAD-4B47-A5B3-D3A931D8EDE5}.Release|x86.ActiveCfg = Release|Win32
		{15C71696-CFAD-4B47-A5B3-D3A931D8EDE5}.Release|x86.Build.0 = Release|Win32
		{6F17843C-60F6-4C2C-90BD-2A0111C3D475}.Debug|Any CPU.ActiveCfg = Debug|Win32
		{6F17843C-60F6-4C2C-90BD-2A0111C3D475}.Debug|Mixed Platforms.ActiveCfg = Debug|Win32
		{6F17843C-60F6-4C2C-90BD-2A0111C3D475}.Debug|Mixed Platforms.Build.0 = Debug|Win32
		{6F17843C-60F6-4C2C-90BD-2A0111C3D475}.Debug|Win32.ActiveCfg = Debug|Win32
		{6F17843C-60F6-4C2C-90BD-2A0111C3D475}.Debug|Win32.Build.0 = Debug|Win32
		{6F17843C-60F6-4C2C-90BD-2A0111C3D475}.Debug|x86.ActiveCfg = Debug|Win32
		{6F17843C-60F6-4C2C-90BD-2A0111C3D475}.Debug|x86.Build.0 = Debug|Win32
		{6F17843C-60F6-4C2C-90BD-2A0111C3D475}.Release|Any CPU.ActiveCfg = Release|Win32
		{6F17843C-60F6-4C2C-90BD-2A0111C3D475}.Release|Mixed Platforms.ActiveCfg = Release|Win32
		{6F17843C-60F6-4C2C-90BD-2A0111C3D475}.Release|Mixed Platforms.Build.0 = Release|Win32
		{6F17843C-60F6-4C2C-90BD-2A0111C3D475}.Release|Win32.ActiveCfg = Release|Win32
		{6F17843C-60F6-4C2C-90BD-2A0111C3D475}.Release|Win32.Build.0 = Release|Win32
		{6F17843C-60F6-4C2C-90BD-2A0111C3D475}.Release|x86.ActiveCfg = Release|Win32
		{6F17843C-60F6-4C2C-90BD-2A0111C3D475}.Release|x86.Build.0 = Release|Win32
		{DA21B6CE-4D5E-49B3-90ED-2AD477E033E7}.Debug|Any CPU.ActiveCfg = Debug|Win32
		{DA21B6CE-4D5E-49B3-90ED-2AD477E033E7}.Debug|Mixed Platforms.ActiveCfg = Debug|Win32
		{DA21B6CE-4D5E-49B3-90ED-2AD477E033E7}.Debug|Mixed Platforms.Build.0 = Debug|Win32
		{DA21B6CE-4D5E-49B3-90ED-2AD477E033E7}.Debug|Win32.ActiveCfg = Debug|Win32
		{DA21B6CE-4D5E-49B3-90ED-2AD477E033E7}.Debug|Win32.Build.0 = Debug|Win32
		{DA21B6CE-4D5E-49B3-90ED-2AD477E033E7}.Debug|x86.ActiveCfg = Debug|Win32
		{DA21B6CE-4D5E-49B3-90ED-2AD477E033E7}.Debug|x86.Build.0 = Debug|Win32
		{DA21B6CE-4D5E-49B3-90ED-2AD477E033E7}.Release|Any CPU.ActiveCfg = Release|Win32
		{DA21B6CE-4D5E-49B3-90ED-2AD477E033E7}.Release|Mixed Platforms.ActiveCfg = Release|Win32
		{DA21B6CE-4D5E-49B3-90ED-2AD477E033E7}.Release|Mixed Platforms.Build.0 = Release|Win32
		{DA21B6CE-4D5E-49B3-90ED-2AD477E033E7}.Release|Win32.ActiveCfg = Release|Win32
		{DA21B6CE-4D5E-49B3-90ED-2AD477E033E7}.Release|Win32.Build.0 = Release|Win32
		{DA21B6CE-4D5E-49B3-90ED-2AD477E033E7}.Release|x86.ActiveCfg = Release|Win32
		{DA21B6CE-4D5E-49B3-90ED-2AD477E033E7}.Release|x86.Build.0 = Release|Win32
		{44D8CD46-D448-4B22-BCF5-6801813AABA3}.Debug|Any CPU.ActiveCfg = Debug|Win32
		{44D8CD46-D448-4B22-BCF5-6801813AABA3}.Debug|Mixed Platforms.ActiveCfg = Debug|Win32
		{44D8CD46-D448-4B22-BCF5-6801813AABA3}.Debug|Mixed Platforms.Build.0 = Debug|Win32
		{44D8CD46-D448-4B22-BCF5-6801813AABA3}.Debug|Win32.ActiveCfg = Debug|Win32
		{44D8CD46-D448-4B22-BCF5-6801813AABA3}.Debug|Win32.Build.0 = Debug|Win32
		{44D8CD46-D448-4B22-BCF5-6801813AABA3}.Debug|x86.ActiveCfg = Debug|Win32
		{44D8CD46-D448-4B22-BCF5-6801813AABA3}.Debug|x86.Build.0 = Debug|Win32
		{44D8CD46-D448-4B22-BCF5-6801813AABA3}.Release|Any CPU.ActiveCfg = Release|Win32
		{44D8CD46-D448-4B22-BCF5-6801813AABA3}.Release|Mixed Platforms.ActiveCfg = Release|Win32
		{44D8CD46-D448-4B22-BCF5-6801813AABA3}.Release|Mixed Platforms.Build.0 = Release|Win32
		{44D8CD46-D448-4B22-BCF5-6801813AABA3}.Release|Win32.ActiveCfg = Release|Win32
		{44D8CD46-D448-4B22-BCF5-6801813AABA3}.Release|Win32.Build.0 = Release|Win32
		{44D8CD46-D448-4B22-BCF5-6801813AABA3}.Release|x86.ActiveCfg = Release|Win32
		{44D8CD46-D448-4B22-BCF5-6801813AABA3}.Release|x86.Build.0 = Release|Win32
		{1FE72A7F-CB27-40B8-A0F4-2D37DD3D95A9}.Debug|Any CPU.ActiveCfg = Debug|Win32
		{1FE72A7F-CB27-40B8-A0F4-2D37DD3D95A9}.Debug|Mixed Platforms.ActiveCfg = Debug|Win32
		{1FE72A7F-CB27-40B8-A0F4-2D37DD3D95A9}.Debug|Mixed Platforms.Build.0 = Debug|Win32
		{1FE72A7F-CB27-40B8-A0F4-2D37DD3D95A9}.Debug|Win32.ActiveCfg = Debug|Win32
		{1FE72A7F-CB27-40B8-A0F4-2D37DD3D95A9}.Debug|Win32.Build.0 = Debug|Win32
		{1FE72A7F-CB27-40B8-A0F4-2D37DD3D95A9}.Debug|x86.ActiveCfg = Debug|Win32
		{1FE72A7F-CB27-40B8-A0F4-2D37DD3D95A9}.Debug|x86.Build.0 = Debug|Win32
		{1FE72A7F-CB27-40B8-A0F4-2D37DD3D95A9}.Release|Any CPU.ActiveCfg = Release|Win32
		{1FE72A7F-CB27-40B8-A0F4-2D37DD3D95A9}.Release|Mixed Platforms.ActiveCfg = Release|Win32
		{1FE72A7F-CB27-40B8-A0F4-2D37DD3D95A9}.Release|Mixed Platforms.Build.0 = Release|Win32
		{1FE72A7F-CB27-40B8-A0F4-2D37DD3D95A9}.Release|Win32.ActiveCfg = Release|Win32
		{1FE72A7F-CB27-40B8-A0F4-2D37DD3D95A9}.Release|Win32.Build.0 = Release|Win32
		{1FE72A7F-CB27-40B8-A0F4-2D37DD3D95A9}.Release|x86.ActiveCfg = Release|Win32
		{1FE72A7F-CB27-40B8-A0F4-2D37DD3D95A9}.Release|x86.Build.0 = Release|Win32
		{4DD62D01-88BB-4C1E-AEC7-890EB6F81B63}.Debug|Any CPU.ActiveCfg = Debug|Any CPU
		{4DD62D01-88BB-4C1E-AEC7-890EB6F81B63}.Debug|Any CPU.Build.0 = Debug|Any CPU
		{4DD62D01-88BB-4C1E-AEC7-890EB6F81B63}.Debug|Mixed Platforms.ActiveCfg = Debug|Any CPU
		{4DD62D01-88BB-4C1E-AEC7-890EB6F81B63}.Debug|Mixed Platforms.Build.0 = Debug|Any CPU
		{4DD62D01-88BB-4C1E-AEC7-890EB6F81B63}.Debug|Win32.ActiveCfg = Debug|Any CPU
		{4DD62D01-88BB-4C1E-AEC7-890EB6F81B63}.Debug|x86.ActiveCfg = Debug|Any CPU
		{4DD62D01-88BB-4C1E-AEC7-890EB6F81B63}.Release|Any CPU.ActiveCfg = Release|Any CPU
		{4DD62D01-88BB-4C1E-AEC7-890EB6F81B63}.Release|Any CPU.Build.0 = Release|Any CPU
		{4DD62D01-88BB-4C1E-AEC7-890EB6F81B63}.Release|Mixed Platforms.ActiveCfg = Release|Any CPU
		{4DD62D01-88BB-4C1E-AEC7-890EB6F81B63}.Release|Mixed Platforms.Build.0 = Release|Any CPU
		{4DD62D01-88BB-4C1E-AEC7-890EB6F81B63}.Release|Win32.ActiveCfg = Release|Any CPU
		{4DD62D01-88BB-4C1E-AEC7-890EB6F81B63}.Release|x86.ActiveCfg = Release|Any CPU
		{74F090AB-4330-4417-B077-7D9EAA7D2669}.Debug|Any CPU.ActiveCfg = Debug|Win32
		{74F090AB-4330-4417-B077-7D9EAA7D2669}.Debug|Mixed Platforms.ActiveCfg = Debug|Win32
		{74F090AB-4330-4417-B077-7D9EAA7D2669}.Debug|Mixed Platforms.Build.0 = Debug|Win32
		{74F090AB-4330-4417-B077-7D9EAA7D2669}.Debug|Win32.ActiveCfg = Debug|Win32
		{74F090AB-4330-4417-B077-7D9EAA7D2669}.Debug|Win32.Build.0 = Debug|Win32
		{74F090AB-4330-4417-B077-7D9EAA7D2669}.Debug|x86.ActiveCfg = Debug|Win32
		{74F090AB-4330-4417-B077-7D9EAA7D2669}.Debug|x86.Build.0 = Debug|Win32
		{74F090AB-4330-4417-B077-7D9EAA7D2669}.Release|Any CPU.ActiveCfg = Release|Win32
		{74F090AB-4330-4417-B077-7D9EAA7D2669}.Release|Mixed Platforms.ActiveCfg = Release|Win32
		{74F090AB-4330-4417-B077-7D9EAA7D2669}.Release|Mixed Platforms.Build.0 = Release|Win32
		{74F090AB-4330-4417-B077-7D9EAA7D2669}.Release|Win32.ActiveCfg = Release|Win32
		{74F090AB-4330-4417-B077-7D9EAA7D2669}.Release|Win32.Build.0 = Release|Win32
		{74F090AB-4330-4417-B077-7D9EAA7D2669}.Release|x86.ActiveCfg = Release|Win32
		{74F090AB-4330-4417-B077-7D9EAA7D2669}.Release|x86.Build.0 = Release|Win32
	EndGlobalSection
	GlobalSection(SolutionProperties) = preSolution
		HideSolutionNode = FALSE
	EndGlobalSection
EndGlobal
